
Microsoft Visual Studio Solution File, Format Version 12.00
# Visual Studio Version 16
VisualStudioVersion = 16.0.30114.105
MinimumVisualStudioVersion = 10.0.40219.1
Project("{FAE04EC0-301F-11D3-BF4B-00C04F79EFBC}") = "Pearson.Tests", "Pearson.Tests\Pearson.Tests.csproj", "{D7DB6C49-5F2F-4A57-AE88-9896B7661F39}"
EndProject
Project("{FAE04EC0-301F-11D3-BF4B-00C04F79EFBC}") = "Pearson", "Pearson\Pearson.csproj", "{A5B383CB-46EE-46F5-9026-BF6B0FC59A4F}"
EndProject
Global
	GlobalSection(SolutionConfigurationPlatforms) = preSolution
		Debug|Any CPU = Debug|Any CPU
		Release|Any CPU = Release|Any CPU
	EndGlobalSection
	GlobalSection(SolutionProperties) = preSolution
		HideSolutionNode = FALSE
	EndGlobalSection
	GlobalSection(ProjectConfigurationPlatforms) = postSolution
		{D7DB6C49-5F2F-4A57-AE88-9896B7661F39}.Debug|Any CPU.ActiveCfg = Debug|Any CPU
		{D7DB6C49-5F2F-4A57-AE88-9896B7661F39}.Debug|Any CPU.Build.0 = Debug|Any CPU
		{D7DB6C49-5F2F-4A57-AE88-9896B7661F39}.Release|Any CPU.ActiveCfg = Release|Any CPU
		{D7DB6C49-5F2F-4A57-AE88-9896B7661F39}.Release|Any CPU.Build.0 = Release|Any CPU
		{A5B383CB-46EE-46F5-9026-BF6B0FC59A4F}.Debug|Any CPU.ActiveCfg = Debug|Any CPU
		{A5B383CB-46EE-46F5-9026-BF6B0FC59A4F}.Debug|Any CPU.Build.0 = Debug|Any CPU
		{A5B383CB-46EE-46F5-9026-BF6B0FC59A4F}.Release|Any CPU.ActiveCfg = Release|Any CPU
		{A5B383CB-46EE-46F5-9026-BF6B0FC59A4F}.Release|Any CPU.Build.0 = Release|Any CPU
	EndGlobalSection
EndGlobal
